{
  "name": "test",
  "lockfileVersion": 2,
  "requires": true,
  "packages": {
    "": {
      "devDependencies": {
        "@types/react-window": "^1.8.8",
        "@types/react-window-infinite-loader": "^1.0.9"
      }
    },
    "node_modules/@types/prop-types": {
      "version": "15.7.12",
      "resolved": "http://bnpm.byted.org/@types/prop-types/-/prop-types-15.7.12.tgz",
      "integrity": "sha512-5zvhXYtRNRluoE/jAp4GVsSduVUzNWKkOZrCDBWYtE7biZywwdC2AcEzg+cSMLFRfVgeAFqpfNabiPjxFddV1Q==",
      "dev": true
    },
    "node_modules/@types/react": {
      "version": "18.3.3",
      "resolved": "http://bnpm.byted.org/@types/react/-/react-18.3.3.tgz",
      "integrity": "sha512-hti/R0pS0q1/xx+TsI73XIqk26eBsISZ2R0wUijXIngRK9R/e7Xw/cXVxQK7R5JjW+SV4zGcn5hXjudkN/pLIw==",
      "dev": true,
      "dependencies": {
        "@types/prop-types": "*",
        "csstype": "^3.0.2"
      }
    },
    "node_modules/@types/react-window": {
      "version": "1.8.8",
      "resolved": "http://bnpm.byted.org/@types/react-window/-/react-window-1.8.8.tgz",
      "integrity": "sha512-8Ls660bHR1AUA2kuRvVG9D/4XpRC6wjAaPT9dil7Ckc76eP9TKWZwwmgfq8Q1LANX3QNDnoU4Zp48A3w+zK69Q==",
      "dev": true,
      "dependencies": {
        "@types/react": "*"
      }
    },
    "node_modules/@types/react-window-infinite-loader": {
      "version": "1.0.9",
      "resolved": "http://bnpm.byted.org/@types/react-window-infinite-loader/-/react-window-infinite-loader-1.0.9.tgz",
      "integrity": "sha512-gEInTjQwURCnDOFyIEK2+fWB5gTjqwx30O62QfxA9stE5aiB6EWkGj4UMhc0axq7/FV++Gs/TGW8FtgEx0S6Tw==",
      "dev": true,
      "dependencies": {
        "@types/react": "*",
        "@types/react-window": "*"
      }
    },
    "node_modules/csstype": {
      "version": "3.1.3",
      "resolved": "http://bnpm.byted.org/csstype/-/csstype-3.1.3.tgz",
      "integrity": "sha512-M1uQkMl8rQK/szD0LNhtqxIPLpimGm8sOBwU7lLnCpSbTyY3yeU1Vc7l4KT5zT4s/yOxHH5O7tIuuLOCnLADRw==",
      "dev": true
    }
  },
  "dependencies": {
    "@types/prop-types": {
      "version": "15.7.12",
      "resolved": "http://bnpm.byted.org/@types/prop-types/-/prop-types-15.7.12.tgz",
      "integrity": "sha512-5zvhXYtRNRluoE/jAp4GVsSduVUzNWKkOZrCDBWYtE7biZywwdC2AcEzg+cSMLFRfVgeAFqpfNabiPjxFddV1Q==",
      "dev": true
    },
    "@types/react": {
      "version": "18.3.3",
      "resolved": "http://bnpm.byted.org/@types/react/-/react-18.3.3.tgz",
      "integrity": "sha512-hti/R0pS0q1/xx+TsI73XIqk26eBsISZ2R0wUijXIngRK9R/e7Xw/cXVxQK7R5JjW+SV4zGcn5hXjudkN/pLIw==",
      "dev": true,
      "requires": {
        "@types/prop-types": "*",
        "csstype": "^3.0.2"
      }
    },
    "@types/react-window": {
      "version": "1.8.8",
      "resolved": "http://bnpm.byted.org/@types/react-window/-/react-window-1.8.8.tgz",
      "integrity": "sha512-8Ls660bHR1AUA2kuRvVG9D/4XpRC6wjAaPT9dil7Ckc76eP9TKWZwwmgfq8Q1LANX3QNDnoU4Zp48A3w+zK69Q==",
      "dev": true,
      "requires": {
        "@types/react": "*"
      }
    },
    "@types/react-window-infinite-loader": {
      "version": "1.0.9",
      "resolved": "http://bnpm.byted.org/@types/react-window-infinite-loader/-/react-window-infinite-loader-1.0.9.tgz",
      "integrity": "sha512-gEInTjQwURCnDOFyIEK2+fWB5gTjqwx30O62QfxA9stE5aiB6EWkGj4UMhc0axq7/FV++Gs/TGW8FtgEx0S6Tw==",
      "dev": true,
      "requires": {
        "@types/react": "*",
        "@types/react-window": "*"
      }
    },
    "csstype": {
      "version": "3.1.3",
      "resolved": "http://bnpm.byted.org/csstype/-/csstype-3.1.3.tgz",
      "integrity": "sha512-M1uQkMl8rQK/szD0LNhtqxIPLpimGm8sOBwU7lLnCpSbTyY3yeU1Vc7l4KT5zT4s/yOxHH5O7tIuuLOCnLADRw==",
      "dev": true
    }
  }
}
